
Microsoft Visual Studio Solution File, Format Version 12.00
# Visual Studio Version 16
VisualStudioVersion = 16.0.30406.217
MinimumVisualStudioVersion = 10.0.40219.1
Project("{FAE04EC0-301F-11D3-BF4B-00C04F79EFBC}") = "Math_Quiz", "Math_Quiz\Math_Quiz.csproj", "{AC13FDB5-91BD-4FE6-A70E-1BF4639E7CFE}"
EndProject
Global
	GlobalSection(SolutionConfigurationPlatforms) = preSolution
		Debug|Any CPU = Debug|Any CPU
		Release|Any CPU = Release|Any CPU
	EndGlobalSection
	GlobalSection(ProjectConfigurationPlatforms) = postSolution
		{AC13FDB5-91BD-4FE6-A70E-1BF4639E7CFE}.Debug|Any CPU.ActiveCfg = Debug|Any CPU
		{AC13FDB5-91BD-4FE6-A70E-1BF4639E7CFE}.Debug|Any CPU.Build.0 = Debug|Any CPU
		{AC13FDB5-91BD-4FE6-A70E-1BF4639E7CFE}.Release|Any CPU.ActiveCfg = Release|Any CPU
		{AC13FDB5-91BD-4FE6-A70E-1BF4639E7CFE}.Release|Any CPU.Build.0 = Release|Any CPU
	EndGlobalSection
	GlobalSection(SolutionProperties) = preSolution
		HideSolutionNode = FALSE
	EndGlobalSection
	GlobalSection(ExtensibilityGlobals) = postSolution
		SolutionGuid = {8FB3DFC5-3992-4D4D-8C64-A7B91180248F}
	EndGlobalSection
EndGlobal
