
Microsoft Visual Studio Solution File, Format Version 12.00
# Visual Studio Version 16
VisualStudioVersion = 16.0.30406.217
MinimumVisualStudioVersion = 10.0.40219.1
Project("{FAE04EC0-301F-11D3-BF4B-00C04F79EFBC}") = "MyMenu_Demo", "MyMenu_Demo\MyMenu_Demo.csproj", "{22CBB543-2C9A-4E78-A389-BBABC322E310}"
EndProject
Global
	GlobalSection(SolutionConfigurationPlatforms) = preSolution
		Debug|Any CPU = Debug|Any CPU
		Release|Any CPU = Release|Any CPU
	EndGlobalSection
	GlobalSection(ProjectConfigurationPlatforms) = postSolution
		{22CBB543-2C9A-4E78-A389-BBABC322E310}.Debug|Any CPU.ActiveCfg = Debug|Any CPU
		{22CBB543-2C9A-4E78-A389-BBABC322E310}.Debug|Any CPU.Build.0 = Debug|Any CPU
		{22CBB543-2C9A-4E78-A389-BBABC322E310}.Release|Any CPU.ActiveCfg = Release|Any CPU
		{22CBB543-2C9A-4E78-A389-BBABC322E310}.Release|Any CPU.Build.0 = Release|Any CPU
	EndGlobalSection
	GlobalSection(SolutionProperties) = preSolution
		HideSolutionNode = FALSE
	EndGlobalSection
	GlobalSection(ExtensibilityGlobals) = postSolution
		SolutionGuid = {47739560-9B0F-4919-A568-981ECB091993}
	EndGlobalSection
EndGlobal
