
Microsoft Visual Studio Solution File, Format Version 12.00
# Visual Studio Version 16
VisualStudioVersion = 16.0.30406.217
MinimumVisualStudioVersion = 10.0.40219.1
Project("{FAE04EC0-301F-11D3-BF4B-00C04F79EFBC}") = "FIRSTGUI", "FIRSTGUI\FIRSTGUI.csproj", "{24276481-BC38-4B54-A849-28C34C10C202}"
EndProject
Global
	GlobalSection(SolutionConfigurationPlatforms) = preSolution
		Debug|Any CPU = Debug|Any CPU
		Release|Any CPU = Release|Any CPU
	EndGlobalSection
	GlobalSection(ProjectConfigurationPlatforms) = postSolution
		{24276481-BC38-4B54-A849-28C34C10C202}.Debug|Any CPU.ActiveCfg = Debug|Any CPU
		{24276481-BC38-4B54-A849-28C34C10C202}.Debug|Any CPU.Build.0 = Debug|Any CPU
		{24276481-BC38-4B54-A849-28C34C10C202}.Release|Any CPU.ActiveCfg = Release|Any CPU
		{24276481-BC38-4B54-A849-28C34C10C202}.Release|Any CPU.Build.0 = Release|Any CPU
	EndGlobalSection
	GlobalSection(SolutionProperties) = preSolution
		HideSolutionNode = FALSE
	EndGlobalSection
	GlobalSection(ExtensibilityGlobals) = postSolution
		SolutionGuid = {6D6BE21D-8F43-46CA-A276-37792CF4611C}
	EndGlobalSection
EndGlobal
