
Microsoft Visual Studio Solution File, Format Version 12.00
# Visual Studio Version 16
VisualStudioVersion = 16.0.30621.155
MinimumVisualStudioVersion = 10.0.40219.1
Project("{FAE04EC0-301F-11D3-BF4B-00C04F79EFBC}") = "SampleDataBase", "SampleDataBase\SampleDataBase.csproj", "{A9DEEC00-E337-4C04-8B58-EA1E5A67DD7E}"
EndProject
Global
	GlobalSection(SolutionConfigurationPlatforms) = preSolution
		Debug|Any CPU = Debug|Any CPU
		Release|Any CPU = Release|Any CPU
	EndGlobalSection
	GlobalSection(ProjectConfigurationPlatforms) = postSolution
		{A9DEEC00-E337-4C04-8B58-EA1E5A67DD7E}.Debug|Any CPU.ActiveCfg = Debug|Any CPU
		{A9DEEC00-E337-4C04-8B58-EA1E5A67DD7E}.Debug|Any CPU.Build.0 = Debug|Any CPU
		{A9DEEC00-E337-4C04-8B58-EA1E5A67DD7E}.Release|Any CPU.ActiveCfg = Release|Any CPU
		{A9DEEC00-E337-4C04-8B58-EA1E5A67DD7E}.Release|Any CPU.Build.0 = Release|Any CPU
	EndGlobalSection
	GlobalSection(SolutionProperties) = preSolution
		HideSolutionNode = FALSE
	EndGlobalSection
	GlobalSection(ExtensibilityGlobals) = postSolution
		SolutionGuid = {829288F5-9629-497B-B42F-23C1DCAE1B2D}
	EndGlobalSection
EndGlobal
