
Microsoft Visual Studio Solution File, Format Version 12.00
# Visual Studio Version 16
VisualStudioVersion = 16.0.30406.217
MinimumVisualStudioVersion = 10.0.40219.1
Project("{FAE04EC0-301F-11D3-BF4B-00C04F79EFBC}") = "Exception_Handling", "Exception_Handling\Exception_Handling.csproj", "{C1EFCB87-9A10-44E4-962D-29C995AAF5DE}"
EndProject
Global
	GlobalSection(SolutionConfigurationPlatforms) = preSolution
		Debug|Any CPU = Debug|Any CPU
		Release|Any CPU = Release|Any CPU
	EndGlobalSection
	GlobalSection(ProjectConfigurationPlatforms) = postSolution
		{C1EFCB87-9A10-44E4-962D-29C995AAF5DE}.Debug|Any CPU.ActiveCfg = Debug|Any CPU
		{C1EFCB87-9A10-44E4-962D-29C995AAF5DE}.Debug|Any CPU.Build.0 = Debug|Any CPU
		{C1EFCB87-9A10-44E4-962D-29C995AAF5DE}.Release|Any CPU.ActiveCfg = Release|Any CPU
		{C1EFCB87-9A10-44E4-962D-29C995AAF5DE}.Release|Any CPU.Build.0 = Release|Any CPU
	EndGlobalSection
	GlobalSection(SolutionProperties) = preSolution
		HideSolutionNode = FALSE
	EndGlobalSection
	GlobalSection(ExtensibilityGlobals) = postSolution
		SolutionGuid = {EC99A17F-EB0D-438B-9F53-1084739E76F2}
	EndGlobalSection
EndGlobal
