
Microsoft Visual Studio Solution File, Format Version 12.00
# Visual Studio Version 16
VisualStudioVersion = 16.0.30406.217
MinimumVisualStudioVersion = 10.0.40219.1
Project("{FAE04EC0-301F-11D3-BF4B-00C04F79EFBC}") = "Console1", "ConsoleApp1\Console1.csproj", "{2DD19BCE-957A-466A-A129-EB6E370C5C45}"
EndProject
Project("{FAE04EC0-301F-11D3-BF4B-00C04F79EFBC}") = "MyfirstDll", "MyfirstDll\MyfirstDll.csproj", "{0FC2B09A-3CAE-4138-967E-8A9F93CC2A27}"
EndProject
Global
	GlobalSection(SolutionConfigurationPlatforms) = preSolution
		Debug|Any CPU = Debug|Any CPU
		Release|Any CPU = Release|Any CPU
	EndGlobalSection
	GlobalSection(ProjectConfigurationPlatforms) = postSolution
		{2DD19BCE-957A-466A-A129-EB6E370C5C45}.Debug|Any CPU.ActiveCfg = Debug|Any CPU
		{2DD19BCE-957A-466A-A129-EB6E370C5C45}.Debug|Any CPU.Build.0 = Debug|Any CPU
		{2DD19BCE-957A-466A-A129-EB6E370C5C45}.Release|Any CPU.ActiveCfg = Release|Any CPU
		{2DD19BCE-957A-466A-A129-EB6E370C5C45}.Release|Any CPU.Build.0 = Release|Any CPU
		{0FC2B09A-3CAE-4138-967E-8A9F93CC2A27}.Debug|Any CPU.ActiveCfg = Debug|Any CPU
		{0FC2B09A-3CAE-4138-967E-8A9F93CC2A27}.Debug|Any CPU.Build.0 = Debug|Any CPU
		{0FC2B09A-3CAE-4138-967E-8A9F93CC2A27}.Release|Any CPU.ActiveCfg = Release|Any CPU
		{0FC2B09A-3CAE-4138-967E-8A9F93CC2A27}.Release|Any CPU.Build.0 = Release|Any CPU
	EndGlobalSection
	GlobalSection(SolutionProperties) = preSolution
		HideSolutionNode = FALSE
	EndGlobalSection
	GlobalSection(ExtensibilityGlobals) = postSolution
		SolutionGuid = {B66744F6-F3B0-4FFF-81BD-4E94D937F62C}
	EndGlobalSection
EndGlobal
